
Microsoft Visual Studio Solution File, Format Version 12.00
# Visual Studio Version 17
VisualStudioVersion = 17.3.32819.101
MinimumVisualStudioVersion = 10.0.40219.1
Project("{888888A0-9F3D-457C-B088-3A5042F75D52}") = "CheesePy", "CheesePy\CheesePy.pyproj", "{1DCD7EFB-DC0B-424A-A7B3-7C351A657AE8}"
EndProject
Global
	GlobalSection(SolutionConfigurationPlatforms) = preSolution
		Debug|Any CPU = Debug|Any CPU
		Release|Any CPU = Release|Any CPU
	EndGlobalSection
	GlobalSection(ProjectConfigurationPlatforms) = postSolution
		{1DCD7EFB-DC0B-424A-A7B3-7C351A657AE8}.Debug|Any CPU.ActiveCfg = Debug|Any CPU
		{1DCD7EFB-DC0B-424A-A7B3-7C351A657AE8}.Release|Any CPU.ActiveCfg = Release|Any CPU
	EndGlobalSection
	GlobalSection(SolutionProperties) = preSolution
		HideSolutionNode = FALSE
	EndGlobalSection
	GlobalSection(ExtensibilityGlobals) = postSolution
		SolutionGuid = {E065EB6E-2260-43EC-807D-7AA083C42DF9}
	EndGlobalSection
EndGlobal
